
Microsoft Visual Studio Solution File, Format Version 12.00
# Visual Studio Version 16
VisualStudioVersion = 16.0.30509.190
MinimumVisualStudioVersion = 10.0.40219.1
Project("{FAE04EC0-301F-11D3-BF4B-00C04F79EFBC}") = "KBSTestTask.Server", "KBSTestTask\Server\KBSTestTask.Server.csproj", "{807308E8-9D99-4160-9F08-EFAB0EED6540}"
EndProject
Project("{FAE04EC0-301F-11D3-BF4B-00C04F79EFBC}") = "KBSTestTask.Client", "KBSTestTask\Client\KBSTestTask.Client.csproj", "{5A6A6CE8-D7AB-4D8B-99DD-672F7F215484}"
EndProject
Project("{FAE04EC0-301F-11D3-BF4B-00C04F79EFBC}") = "KBSTestTask.Shared", "KBSTestTask\Shared\KBSTestTask.Shared.csproj", "{2BD520D5-9116-4036-82B8-0085E034B47D}"
EndProject
Global
	GlobalSection(SolutionConfigurationPlatforms) = preSolution
		Debug|Any CPU = Debug|Any CPU
		Release|Any CPU = Release|Any CPU
	EndGlobalSection
	GlobalSection(ProjectConfigurationPlatforms) = postSolution
		{807308E8-9D99-4160-9F08-EFAB0EED6540}.Debug|Any CPU.ActiveCfg = Debug|Any CPU
		{807308E8-9D99-4160-9F08-EFAB0EED6540}.Debug|Any CPU.Build.0 = Debug|Any CPU
		{807308E8-9D99-4160-9F08-EFAB0EED6540}.Release|Any CPU.ActiveCfg = Release|Any CPU
		{807308E8-9D99-4160-9F08-EFAB0EED6540}.Release|Any CPU.Build.0 = Release|Any CPU
		{5A6A6CE8-D7AB-4D8B-99DD-672F7F215484}.Debug|Any CPU.ActiveCfg = Debug|Any CPU
		{5A6A6CE8-D7AB-4D8B-99DD-672F7F215484}.Debug|Any CPU.Build.0 = Debug|Any CPU
		{5A6A6CE8-D7AB-4D8B-99DD-672F7F215484}.Release|Any CPU.ActiveCfg = Release|Any CPU
		{5A6A6CE8-D7AB-4D8B-99DD-672F7F215484}.Release|Any CPU.Build.0 = Release|Any CPU
		{2BD520D5-9116-4036-82B8-0085E034B47D}.Debug|Any CPU.ActiveCfg = Debug|Any CPU
		{2BD520D5-9116-4036-82B8-0085E034B47D}.Debug|Any CPU.Build.0 = Debug|Any CPU
		{2BD520D5-9116-4036-82B8-0085E034B47D}.Release|Any CPU.ActiveCfg = Release|Any CPU
		{2BD520D5-9116-4036-82B8-0085E034B47D}.Release|Any CPU.Build.0 = Release|Any CPU
	EndGlobalSection
	GlobalSection(SolutionProperties) = preSolution
		HideSolutionNode = FALSE
	EndGlobalSection
	GlobalSection(ExtensibilityGlobals) = postSolution
		SolutionGuid = {145FF40F-1987-4F39-88D9-041CA99DC0E3}
	EndGlobalSection
EndGlobal
